
Microsoft Visual Studio Solution File, Format Version 12.00
# Visual Studio Version 16
VisualStudioVersion = 16.0.30711.63
MinimumVisualStudioVersion = 10.0.40219.1
Project("{FAE04EC0-301F-11D3-BF4B-00C04F79EFBC}") = "testWork", "testWork.csproj", "{A7697524-EA1C-4AF4-A022-27F070AE104D}"
EndProject
Project("{9A19103F-16F7-4668-BE54-9A1E7A4F7556}") = "Equalizer", "..\Equalizer\Equalizer.csproj", "{B4DE4754-9502-4E40-AD53-9B62E499696B}"
EndProject
Project("{FAE04EC0-301F-11D3-BF4B-00C04F79EFBC}") = "teamTest", "..\teamTest\teamTest.csproj", "{0CAB4C91-3DB9-44C6-9856-1A0D19E1F3C3}"
EndProject
Global
	GlobalSection(SolutionConfigurationPlatforms) = preSolution
		Debug|Any CPU = Debug|Any CPU
		Release|Any CPU = Release|Any CPU
	EndGlobalSection
	GlobalSection(ProjectConfigurationPlatforms) = postSolution
		{A7697524-EA1C-4AF4-A022-27F070AE104D}.Debug|Any CPU.ActiveCfg = Debug|Any CPU
		{A7697524-EA1C-4AF4-A022-27F070AE104D}.Debug|Any CPU.Build.0 = Debug|Any CPU
		{A7697524-EA1C-4AF4-A022-27F070AE104D}.Release|Any CPU.ActiveCfg = Release|Any CPU
		{A7697524-EA1C-4AF4-A022-27F070AE104D}.Release|Any CPU.Build.0 = Release|Any CPU
		{B4DE4754-9502-4E40-AD53-9B62E499696B}.Debug|Any CPU.ActiveCfg = Debug|Any CPU
		{B4DE4754-9502-4E40-AD53-9B62E499696B}.Debug|Any CPU.Build.0 = Debug|Any CPU
		{B4DE4754-9502-4E40-AD53-9B62E499696B}.Release|Any CPU.ActiveCfg = Release|Any CPU
		{B4DE4754-9502-4E40-AD53-9B62E499696B}.Release|Any CPU.Build.0 = Release|Any CPU
		{0CAB4C91-3DB9-44C6-9856-1A0D19E1F3C3}.Debug|Any CPU.ActiveCfg = Debug|Any CPU
		{0CAB4C91-3DB9-44C6-9856-1A0D19E1F3C3}.Debug|Any CPU.Build.0 = Debug|Any CPU
		{0CAB4C91-3DB9-44C6-9856-1A0D19E1F3C3}.Release|Any CPU.ActiveCfg = Release|Any CPU
		{0CAB4C91-3DB9-44C6-9856-1A0D19E1F3C3}.Release|Any CPU.Build.0 = Release|Any CPU
	EndGlobalSection
	GlobalSection(SolutionProperties) = preSolution
		HideSolutionNode = FALSE
	EndGlobalSection
	GlobalSection(ExtensibilityGlobals) = postSolution
		SolutionGuid = {3D5801DD-3D7F-492E-8C03-D80ED44B1E37}
	EndGlobalSection
EndGlobal
