
Microsoft Visual Studio Solution File, Format Version 12.00
# Visual Studio Version 16
VisualStudioVersion = 16.0.30711.63
MinimumVisualStudioVersion = 10.0.40219.1
Project("{FAE04EC0-301F-11D3-BF4B-00C04F79EFBC}") = "testWork", "testWork.csproj", "{A7697524-EA1C-4AF4-A022-27F070AE104D}"
EndProject
Project("{FAE04EC0-301F-11D3-BF4B-00C04F79EFBC}") = "testColorArray", "..\testColorArray\testColorArray.csproj", "{B7F34979-3976-420A-9D7B-4113B04F4CDA}"
EndProject
Project("{FAE04EC0-301F-11D3-BF4B-00C04F79EFBC}") = "countingValleys", "..\countingValleys\countingValleys.csproj", "{AB20BCDE-8A38-4C27-BED0-2E28A0082884}"
EndProject
Project("{FAE04EC0-301F-11D3-BF4B-00C04F79EFBC}") = "jumpingOnClouds", "..\jumpingOnClouds\jumpingOnClouds.csproj", "{2AB3DD9A-3707-4314-A798-DA7A425F0B03}"
EndProject
Project("{FAE04EC0-301F-11D3-BF4B-00C04F79EFBC}") = "repeatString", "..\repeatString\repeatString.csproj", "{2E10DBFF-69A5-4C18-834C-A1B2F3EF6803}"
EndProject
Global
	GlobalSection(SolutionConfigurationPlatforms) = preSolution
		Debug|Any CPU = Debug|Any CPU
		Release|Any CPU = Release|Any CPU
	EndGlobalSection
	GlobalSection(ProjectConfigurationPlatforms) = postSolution
		{A7697524-EA1C-4AF4-A022-27F070AE104D}.Debug|Any CPU.ActiveCfg = Debug|Any CPU
		{A7697524-EA1C-4AF4-A022-27F070AE104D}.Debug|Any CPU.Build.0 = Debug|Any CPU
		{A7697524-EA1C-4AF4-A022-27F070AE104D}.Release|Any CPU.ActiveCfg = Release|Any CPU
		{A7697524-EA1C-4AF4-A022-27F070AE104D}.Release|Any CPU.Build.0 = Release|Any CPU
		{B7F34979-3976-420A-9D7B-4113B04F4CDA}.Debug|Any CPU.ActiveCfg = Debug|Any CPU
		{B7F34979-3976-420A-9D7B-4113B04F4CDA}.Debug|Any CPU.Build.0 = Debug|Any CPU
		{B7F34979-3976-420A-9D7B-4113B04F4CDA}.Release|Any CPU.ActiveCfg = Release|Any CPU
		{B7F34979-3976-420A-9D7B-4113B04F4CDA}.Release|Any CPU.Build.0 = Release|Any CPU
		{AB20BCDE-8A38-4C27-BED0-2E28A0082884}.Debug|Any CPU.ActiveCfg = Debug|Any CPU
		{AB20BCDE-8A38-4C27-BED0-2E28A0082884}.Debug|Any CPU.Build.0 = Debug|Any CPU
		{AB20BCDE-8A38-4C27-BED0-2E28A0082884}.Release|Any CPU.ActiveCfg = Release|Any CPU
		{AB20BCDE-8A38-4C27-BED0-2E28A0082884}.Release|Any CPU.Build.0 = Release|Any CPU
		{2AB3DD9A-3707-4314-A798-DA7A425F0B03}.Debug|Any CPU.ActiveCfg = Debug|Any CPU
		{2AB3DD9A-3707-4314-A798-DA7A425F0B03}.Debug|Any CPU.Build.0 = Debug|Any CPU
		{2AB3DD9A-3707-4314-A798-DA7A425F0B03}.Release|Any CPU.ActiveCfg = Release|Any CPU
		{2AB3DD9A-3707-4314-A798-DA7A425F0B03}.Release|Any CPU.Build.0 = Release|Any CPU
		{2E10DBFF-69A5-4C18-834C-A1B2F3EF6803}.Debug|Any CPU.ActiveCfg = Debug|Any CPU
		{2E10DBFF-69A5-4C18-834C-A1B2F3EF6803}.Debug|Any CPU.Build.0 = Debug|Any CPU
		{2E10DBFF-69A5-4C18-834C-A1B2F3EF6803}.Release|Any CPU.ActiveCfg = Release|Any CPU
		{2E10DBFF-69A5-4C18-834C-A1B2F3EF6803}.Release|Any CPU.Build.0 = Release|Any CPU
	EndGlobalSection
	GlobalSection(SolutionProperties) = preSolution
		HideSolutionNode = FALSE
	EndGlobalSection
	GlobalSection(ExtensibilityGlobals) = postSolution
		SolutionGuid = {3D5801DD-3D7F-492E-8C03-D80ED44B1E37}
	EndGlobalSection
EndGlobal
